
Microsoft Visual Studio Solution File, Format Version 12.00
# Visual Studio Version 16
VisualStudioVersion = 16.0.30204.135
MinimumVisualStudioVersion = 10.0.40219.1
Project("{FAE04EC0-301F-11D3-BF4B-00C04F79EFBC}") = "FileExplorer", "FileExplorer\FileExplorer.csproj", "{EBF50462-886C-4591-AED0-D48E5F7AB4F7}"
EndProject
Global
	GlobalSection(SolutionConfigurationPlatforms) = preSolution
		Debug|Any CPU = Debug|Any CPU
		Release|Any CPU = Release|Any CPU
	EndGlobalSection
	GlobalSection(ProjectConfigurationPlatforms) = postSolution
		{EBF50462-886C-4591-AED0-D48E5F7AB4F7}.Debug|Any CPU.ActiveCfg = Debug|Any CPU
		{EBF50462-886C-4591-AED0-D48E5F7AB4F7}.Debug|Any CPU.Build.0 = Debug|Any CPU
		{EBF50462-886C-4591-AED0-D48E5F7AB4F7}.Release|Any CPU.ActiveCfg = Release|Any CPU
		{EBF50462-886C-4591-AED0-D48E5F7AB4F7}.Release|Any CPU.Build.0 = Release|Any CPU
	EndGlobalSection
	GlobalSection(SolutionProperties) = preSolution
		HideSolutionNode = FALSE
	EndGlobalSection
	GlobalSection(ExtensibilityGlobals) = postSolution
		SolutionGuid = {EE86E2E6-8B17-4BC4-833D-51070215B490}
	EndGlobalSection
EndGlobal
